
Microsoft Visual Studio Solution File, Format Version 12.00
# Visual Studio 15
VisualStudioVersion = 15.0.28010.2003
MinimumVisualStudioVersion = 10.0.40219.1
Project("{FAE04EC0-301F-11D3-BF4B-00C04F79EFBC}") = "Exam70483", "Exam70483\Exam70483.csproj", "{1FC193E4-3E9F-4E53-B76F-F0EE221E44BA}"
EndProject
Project("{FAE04EC0-301F-11D3-BF4B-00C04F79EFBC}") = "Execute", "Execute\Execute.csproj", "{95231AC7-B96C-4A54-A46B-290AC34CB96D}"
EndProject
Global
	GlobalSection(SolutionConfigurationPlatforms) = preSolution
		Debug|Any CPU = Debug|Any CPU
		Release|Any CPU = Release|Any CPU
	EndGlobalSection
	GlobalSection(ProjectConfigurationPlatforms) = postSolution
		{1FC193E4-3E9F-4E53-B76F-F0EE221E44BA}.Debug|Any CPU.ActiveCfg = Debug|Any CPU
		{1FC193E4-3E9F-4E53-B76F-F0EE221E44BA}.Debug|Any CPU.Build.0 = Debug|Any CPU
		{1FC193E4-3E9F-4E53-B76F-F0EE221E44BA}.Release|Any CPU.ActiveCfg = Release|Any CPU
		{1FC193E4-3E9F-4E53-B76F-F0EE221E44BA}.Release|Any CPU.Build.0 = Release|Any CPU
		{95231AC7-B96C-4A54-A46B-290AC34CB96D}.Debug|Any CPU.ActiveCfg = Debug|Any CPU
		{95231AC7-B96C-4A54-A46B-290AC34CB96D}.Debug|Any CPU.Build.0 = Debug|Any CPU
		{95231AC7-B96C-4A54-A46B-290AC34CB96D}.Release|Any CPU.ActiveCfg = Release|Any CPU
		{95231AC7-B96C-4A54-A46B-290AC34CB96D}.Release|Any CPU.Build.0 = Release|Any CPU
	EndGlobalSection
	GlobalSection(SolutionProperties) = preSolution
		HideSolutionNode = FALSE
	EndGlobalSection
	GlobalSection(ExtensibilityGlobals) = postSolution
		SolutionGuid = {6D56489C-C387-4DF3-B515-6F0E2465E03E}
	EndGlobalSection
EndGlobal
